
Microsoft Visual Studio Solution File, Format Version 12.00
# Visual Studio Version 16
VisualStudioVersion = 16.0.28606.126
MinimumVisualStudioVersion = 10.0.40219.1
Project("{2150E333-8FDC-42A3-9474-1A3956D46DE8}") = "PortalAdmin", "PortalAdmin", "{7A383149-6F2B-49C4-93E2-EE4DCBC46183}"
EndProject
Project("{9A19103F-16F7-4668-BE54-9A1E7A4F7556}") = "PracticalAssign.PortalAdmin", "PracticalAssign.PortalAdmin\PracticalAssign.PortalAdmin.csproj", "{E66E8E33-2405-4697-AC87-076C4F65B458}"
EndProject
Global
	GlobalSection(SolutionConfigurationPlatforms) = preSolution
		Debug|Any CPU = Debug|Any CPU
		Release|Any CPU = Release|Any CPU
	EndGlobalSection
	GlobalSection(ProjectConfigurationPlatforms) = postSolution
		{E66E8E33-2405-4697-AC87-076C4F65B458}.Debug|Any CPU.ActiveCfg = Debug|Any CPU
		{E66E8E33-2405-4697-AC87-076C4F65B458}.Debug|Any CPU.Build.0 = Debug|Any CPU
		{E66E8E33-2405-4697-AC87-076C4F65B458}.Release|Any CPU.ActiveCfg = Release|Any CPU
		{E66E8E33-2405-4697-AC87-076C4F65B458}.Release|Any CPU.Build.0 = Release|Any CPU
	EndGlobalSection
	GlobalSection(SolutionProperties) = preSolution
		HideSolutionNode = FALSE
	EndGlobalSection
	GlobalSection(NestedProjects) = preSolution
		{E66E8E33-2405-4697-AC87-076C4F65B458} = {7A383149-6F2B-49C4-93E2-EE4DCBC46183}
	EndGlobalSection
	GlobalSection(ExtensibilityGlobals) = postSolution
		SolutionGuid = {C9B2844E-4591-45B4-86FB-6706CE2C330C}
	EndGlobalSection
EndGlobal
